github.com/go-xmlfmt/xmlfmt v1.1.3 h1:t8Ey3Uy7jDSEisW2K3somuMKIpzktkWptA0iFCnRUWY=
github.com/go-xmlfmt/xmlfmt v1.1.3/go.mod h1:aUCEOzzezBEjDBbFBoSiya/gduyIiWYRP6CnSFIV8AM=
github.com/google/go-cmp v0.7.0 h1:wk8382ETsv4JYUZwIsn6YpYiWiBsYLSJiTsyBybVuN8=
github.com/google/go-cmp v0.7.0/go.mod h1:pXiqmnSA92OHEEa9HXL2W4E7lf9JzCmGVUdgjX3N/iU=
github.com/magefile/mage v1.17.2 h1:fyXVu1eadI8Ap1HCCNgEhJ5McIWiYhLR8uol64ZZc40=
github.com/magefile/mage v1.17.2/go.mod h1:Yj51kqllmsgFpvvSzgrZPK9WtluG3kUhFaBUVLo4feA=
github.com/patrickmn/go-cache v2.1.0+incompatible h1:HRMgzkcYKYpi3C8ajMPV8OFXaaRUnok+kx1WdO15EQc=
github.com/patrickmn/go-cache v2.1.0+incompatible/go.mod h1:3Qf8kWWT7OJRJbdiICTKqZju1ZixQ/KpMGzzAfe6+WQ=
github.com/rickb777/acceptable v0.82.0 h1:cXdUz0iWSyLf2OUOCFNCxdmnCvPip6EHKMddjVRZe94=
github.com/rickb777/acceptable v0.82.0/go.mod h1:Ngb93S02TlEs+Vgde2fAZIHPmHKs6a07dZyiwNXsWS0=
github.com/rickb777/expect v1.3.2 h1:kJYjVEL7mWF06mckPWAe2j5fiTdfP1/opUwuGbg+V98=
github.com/rickb777/expect v1.3.2/go.mod h1:PnKIXmYP9Eo+ZhiFoGSQrmyvIgubFw7hD/4SaKo0mdc=
github.com/rickb777/expect v1.3.3 h1:MzLKKABqnSIW3t+2HZm8k25WnT7MdCircIH1SQYmcqo=
github.com/rickb777/expect v1.3.3/go.mod h1:PnKIXmYP9Eo+ZhiFoGSQrmyvIgubFw7hD/4SaKo0mdc=
github.com/rickb777/httpclient v0.51.0 h1:3ZDLLTpq1tZRbM5SkQWc2+arFQEcRw6BixzBzLkxJNk=
github.com/rickb777/httpclient v0.51.0/go.mod h1:DUTRCF+UH9SNh1LTueVSXYs3ZY6ES2UuWhx4iwPgWko=
github.com/rickb777/netrc v1.0.2 h1:K5K4TS+JvsdTWePk+FlTfwJSKugmcXmjfgs9rvxVKa8=
github.com/rickb777/netrc v1.0.2/go.mod h1:d457LaZflJ94qgB5pYfRT04mujzhim5rZo1JkxVmtgU=
github.com/rickb777/plural/v2 v2.1.0 h1:2TsGzyoTSRnXPsyEV3j2fET9s8nz6ThEXlBXxg6q7vY=
github.com/rickb777/plural/v2 v2.1.0/go.mod h1:VQ7T01f3Xi9EqnIE0vMBw3351Bj2xWVle4TOccdlB7I=
github.com/spf13/afero v1.15.0 h1:b/YBCLWAJdFWJTN9cLhiXXcD7mzKn9Dm86dNnfyQw1I=
github.com/spf13/afero v1.15.0/go.mod h1:NC2ByUVxtQs4b3sIUphxK0NioZnmxgyCrfzeuq8lxMg=
golang.org/x/net v0.57.0 h1:K5+3DljvIuDG9/Jv9rvyMywYNFCQ9RSUY6OOTTkT+tE=
golang.org/x/net v0.57.0/go.mod h1:KpXc8iv+r3XplLAG/f7Jsf9RPszJzdR0f58q9vGOuEU=
golang.org/x/text v0.40.0 h1:Ub2Z6/xjgF1WrYQz2nuITOEegKFtiIy+rieRJ5lHZKs=
golang.org/x/text v0.40.0/go.mod h1:hpnzDAfGV753zIKo+wk3u1bVKCGPbrnF7+7LBF/UHVY=
