github.com/go-xmlfmt/xmlfmt v1.1.3 h1:t8Ey3Uy7jDSEisW2K3somuMKIpzktkWptA0iFCnRUWY=
github.com/go-xmlfmt/xmlfmt v1.1.3/go.mod h1:aUCEOzzezBEjDBbFBoSiya/gduyIiWYRP6CnSFIV8AM=
github.com/google/go-cmp v0.7.0 h1:wk8382ETsv4JYUZwIsn6YpYiWiBsYLSJiTsyBybVuN8=
github.com/google/go-cmp v0.7.0/go.mod h1:pXiqmnSA92OHEEa9HXL2W4E7lf9JzCmGVUdgjX3N/iU=
github.com/magefile/mage v1.16.0 h1:2naaPmNwrMicCdLBCRDw288hcyClO9lmnm6FMpXyJ5I=
github.com/magefile/mage v1.16.0/go.mod h1:z5UZb/iS3GoOSn0JgWuiw7dxlurVYTu+/jHXqQg881A=
github.com/patrickmn/go-cache v2.1.0+incompatible h1:HRMgzkcYKYpi3C8ajMPV8OFXaaRUnok+kx1WdO15EQc=
github.com/patrickmn/go-cache v2.1.0+incompatible/go.mod h1:3Qf8kWWT7OJRJbdiICTKqZju1ZixQ/KpMGzzAfe6+WQ=
github.com/rickb777/acceptable v0.64.0 h1:DMZEv1Kw7Fp32fxDN2uSk3epO060eApS/wzesF8rBEM=
github.com/rickb777/acceptable v0.64.0/go.mod h1:ySbYCGwjFYVLdxZEui6hGP7CJeUSJ8ia0dNvT50aLvY=
github.com/rickb777/acceptable v0.65.0 h1:Vbw7AKX28p8ULnToWVdZPZmoRgEE9ZwJ2pWdudCGqRM=
github.com/rickb777/acceptable v0.65.0/go.mod h1:I/Y3wjPPfVuU63eauOcfHaEdptIaAkbdi285hjDr+3Q=
github.com/rickb777/expect v1.0.9 h1:yLzCr5XsJ2baFnkWMOKLfJU512UuaMnqlC9c0nUY9d8=
github.com/rickb777/expect v1.0.9/go.mod h1:Q83Ilhy307rbyGWcKfZwQI0nYtmSyRuNu3RP+Rb/0mc=
github.com/rickb777/httpclient v0.48.0 h1:7s67u78PrLLRe7pDPaN4jTWEaQBC6pmXFBnydETVb68=
github.com/rickb777/httpclient v0.48.0/go.mod h1:vA1J/XLKRwOm5Q0VE1JUo+IQMuj3tVSd5xt5MVGWcgE=
github.com/rickb777/httpclient v0.49.0 h1:kk70TOGVjpFpRP/ogySF/Tbvyb5o7vPWfZYd3z02eIQ=
github.com/rickb777/httpclient v0.49.0/go.mod h1:zYyxfZi6Sm4kT1yuGSVKhydUBam0WqQOYctdm091DnE=
github.com/rickb777/netrc v0.7.0 h1:NRcgsTEd+xkLEaie4xRTV9dWa9x9CdB31Qbuvhh9f/M=
github.com/rickb777/netrc v0.7.0/go.mod h1:YK2CTiNcA9s1jA+c+hhaO9GbAaTeSDilHswRsNPZL8w=
github.com/rickb777/netrc v1.0.0 h1:utMKft3yA2UVw0snoZ0wRQmclQW7QpHNsviGrWLaIZA=
github.com/rickb777/netrc v1.0.0/go.mod h1:XYhuo64WsG3lsbUCrzHa3aFsqRQiSeghqOIZ9pz8IBM=
github.com/rickb777/plural v1.4.9 h1:oRs12FkLlhcadn1S4/b5wv5rSShzliG2lYqoCd9xYCU=
github.com/rickb777/plural v1.4.9/go.mod h1:Bhp03WcY53+Blm5zzzNqolQUH0PI8s8mI4XOYPfTrJM=
github.com/spf13/afero v1.15.0 h1:b/YBCLWAJdFWJTN9cLhiXXcD7mzKn9Dm86dNnfyQw1I=
github.com/spf13/afero v1.15.0/go.mod h1:NC2ByUVxtQs4b3sIUphxK0NioZnmxgyCrfzeuq8lxMg=
golang.org/x/net v0.51.0 h1:94R/GTO7mt3/4wIKpcR5gkGmRLOuE/2hNGeWq/GBIFo=
golang.org/x/net v0.51.0/go.mod h1:aamm+2QF5ogm02fjy5Bb7CQ0WMt1/WVM7FtyaTLlA9Y=
golang.org/x/text v0.34.0 h1:oL/Qq0Kdaqxa1KbNeMKwQq0reLCCaFtqu2eNuSeNHbk=
golang.org/x/text v0.34.0/go.mod h1:homfLqTYRFyVYemLBFl5GgL/DWEiH5wcsQ5gSh1yziA=
